
Microsoft Visual Studio Solution File, Format Version 12.00
# Visual Studio Version 17
VisualStudioVersion = 17.3.32819.101
MinimumVisualStudioVersion = 10.0.40219.1
Project("{FAE04EC0-301F-11D3-BF4B-00C04F79EFBC}") = "WpfApp1", "WpfApp1.csproj", "{70A18BEB-9C19-41BE-AAA3-3A56A23529A3}"
EndProject
Project("{9A19103F-16F7-4668-BE54-9A1E7A4F7556}") = "MLModel1_WebApi1", "..\MLModel1_WebApi1\MLModel1_WebApi1.csproj", "{459FAE03-B74C-44FC-A5CD-CD58C79626E8}"
EndProject
Project("{9A19103F-16F7-4668-BE54-9A1E7A4F7556}") = "MLModel1_ConsoleApp1", "..\MLModel1_ConsoleApp1\MLModel1_ConsoleApp1.csproj", "{6FB9723D-ADA8-4D57-B8DC-F4762A218F61}"
EndProject
Global
	GlobalSection(SolutionConfigurationPlatforms) = preSolution
		Debug|Any CPU = Debug|Any CPU
		Release|Any CPU = Release|Any CPU
	EndGlobalSection
	GlobalSection(ProjectConfigurationPlatforms) = postSolution
		{70A18BEB-9C19-41BE-AAA3-3A56A23529A3}.Debug|Any CPU.ActiveCfg = Debug|Any CPU
		{70A18BEB-9C19-41BE-AAA3-3A56A23529A3}.Debug|Any CPU.Build.0 = Debug|Any CPU
		{70A18BEB-9C19-41BE-AAA3-3A56A23529A3}.Release|Any CPU.ActiveCfg = Release|Any CPU
		{70A18BEB-9C19-41BE-AAA3-3A56A23529A3}.Release|Any CPU.Build.0 = Release|Any CPU
		{459FAE03-B74C-44FC-A5CD-CD58C79626E8}.Debug|Any CPU.ActiveCfg = Debug|Any CPU
		{459FAE03-B74C-44FC-A5CD-CD58C79626E8}.Debug|Any CPU.Build.0 = Debug|Any CPU
		{459FAE03-B74C-44FC-A5CD-CD58C79626E8}.Release|Any CPU.ActiveCfg = Release|Any CPU
		{459FAE03-B74C-44FC-A5CD-CD58C79626E8}.Release|Any CPU.Build.0 = Release|Any CPU
		{6FB9723D-ADA8-4D57-B8DC-F4762A218F61}.Debug|Any CPU.ActiveCfg = Debug|Any CPU
		{6FB9723D-ADA8-4D57-B8DC-F4762A218F61}.Debug|Any CPU.Build.0 = Debug|Any CPU
		{6FB9723D-ADA8-4D57-B8DC-F4762A218F61}.Release|Any CPU.ActiveCfg = Release|Any CPU
		{6FB9723D-ADA8-4D57-B8DC-F4762A218F61}.Release|Any CPU.Build.0 = Release|Any CPU
	EndGlobalSection
	GlobalSection(SolutionProperties) = preSolution
		HideSolutionNode = FALSE
	EndGlobalSection
	GlobalSection(ExtensibilityGlobals) = postSolution
		SolutionGuid = {7F9CFB7D-DEC6-4117-89D8-77101A4A631C}
	EndGlobalSection
EndGlobal
